
Microsoft Visual Studio Solution File, Format Version 12.00
# Visual Studio Version 16
VisualStudioVersion = 16.0.28803.352
MinimumVisualStudioVersion = 10.0.40219.1
Project("{FAE04EC0-301F-11D3-BF4B-00C04F79EFBC}") = "MarsRoverTeam", "MarsRoverTeam.csproj", "{7B16D4EF-24E6-4C59-A2B8-FFA8BE9969C1}"
EndProject
Global
	GlobalSection(SolutionConfigurationPlatforms) = preSolution
		Debug|Any CPU = Debug|Any CPU
		Release|Any CPU = Release|Any CPU
	EndGlobalSection
	GlobalSection(ProjectConfigurationPlatforms) = postSolution
		{7B16D4EF-24E6-4C59-A2B8-FFA8BE9969C1}.Debug|Any CPU.ActiveCfg = Debug|Any CPU
		{7B16D4EF-24E6-4C59-A2B8-FFA8BE9969C1}.Debug|Any CPU.Build.0 = Debug|Any CPU
		{7B16D4EF-24E6-4C59-A2B8-FFA8BE9969C1}.Release|Any CPU.ActiveCfg = Release|Any CPU
		{7B16D4EF-24E6-4C59-A2B8-FFA8BE9969C1}.Release|Any CPU.Build.0 = Release|Any CPU
	EndGlobalSection
	GlobalSection(SolutionProperties) = preSolution
		HideSolutionNode = FALSE
	EndGlobalSection
	GlobalSection(ExtensibilityGlobals) = postSolution
		SolutionGuid = {FA5AA0FA-960E-489C-B5F7-DD4E1C635B54}
	EndGlobalSection
EndGlobal
